PODS:
  - FBSnapshotTestCase (2.1.4):
    - FBSnapshotTestCase/SwiftSupport (= 2.1.4)
  - FBSnapshotTestCase/Core (2.1.4)
  - FBSnapshotTestCase/SwiftSupport (2.1.4):
    - FBSnapshotTestCase/Core
  - HZHPublicLib (0.1.0)

DEPENDENCIES:
  - FBSnapshotTestCase
  - HZHPublicLib

SPEC REPOS:
  https://github.com/CocoaPods/Specs.git:
    - HZHPublicLib
  trunk:
    - FBSnapshotTestCase

SPEC CHECKSUMS:
  FBSnapshotTestCase: 094f9f314decbabe373b87cc339bea235a63e07a
  HZHPublicLib: 720b8386785b4c7cade6a2cf2b6d9af518477b11

PODFILE CHECKSUM: 0325e8ea20b8bcb96cb59c99c1a81e6e374f735a

COCOAPODS: 1.10.1
